
Microsoft Visual Studio Solution File, Format Version 12.00
# Visual Studio Version 17
VisualStudioVersion = 17.6.33815.320
MinimumVisualStudioVersion = 10.0.40219.1
Project("{FAE04EC0-301F-11D3-BF4B-00C04F79EFBC}") = "BlogAPI2", "BlogAPI2\BlogAPI2.csproj", "{98FF7998-761C-4B48-92A4-D96C5D937C5B}"
EndProject
Global
	GlobalSection(SolutionConfigurationPlatforms) = preSolution
		Debug|Any CPU = Debug|Any CPU
		Release|Any CPU = Release|Any CPU
	EndGlobalSection
	GlobalSection(ProjectConfigurationPlatforms) = postSolution
		{98FF7998-761C-4B48-92A4-D96C5D937C5B}.Debug|Any CPU.ActiveCfg = Debug|Any CPU
		{98FF7998-761C-4B48-92A4-D96C5D937C5B}.Debug|Any CPU.Build.0 = Debug|Any CPU
		{98FF7998-761C-4B48-92A4-D96C5D937C5B}.Release|Any CPU.ActiveCfg = Release|Any CPU
		{98FF7998-761C-4B48-92A4-D96C5D937C5B}.Release|Any CPU.Build.0 = Release|Any CPU
	EndGlobalSection
	GlobalSection(SolutionProperties) = preSolution
		HideSolutionNode = FALSE
	EndGlobalSection
	GlobalSection(ExtensibilityGlobals) = postSolution
		SolutionGuid = {1A1B6732-36AC-4748-9930-F4E9F7F60623}
	EndGlobalSection
EndGlobal
